
Microsoft Visual Studio Solution File, Format Version 12.00
# Visual Studio Version 16
VisualStudioVersion = 16.0.28803.352
MinimumVisualStudioVersion = 10.0.40219.1
Project("{FAE04EC0-301F-11D3-BF4B-00C04F79EFBC}") = "WindowsFormsRekenmachine", "WindowsFormsRekenmachine\WindowsFormsRekenmachine.csproj", "{E7C68316-D5F2-463D-81A2-6FCC0E2C52D3}"
EndProject
Project("{FAE04EC0-301F-11D3-BF4B-00C04F79EFBC}") = "RekenmachineLogic", "Rekenmachine.logic\RekenmachineLogic.csproj", "{9FEF71E3-B92C-4DE7-8C40-290F338EAD2D}"
EndProject
Global
	GlobalSection(SolutionConfigurationPlatforms) = preSolution
		Debug|Any CPU = Debug|Any CPU
		Release|Any CPU = Release|Any CPU
	EndGlobalSection
	GlobalSection(ProjectConfigurationPlatforms) = postSolution
		{E7C68316-D5F2-463D-81A2-6FCC0E2C52D3}.Debug|Any CPU.ActiveCfg = Debug|Any CPU
		{E7C68316-D5F2-463D-81A2-6FCC0E2C52D3}.Debug|Any CPU.Build.0 = Debug|Any CPU
		{E7C68316-D5F2-463D-81A2-6FCC0E2C52D3}.Release|Any CPU.ActiveCfg = Release|Any CPU
		{E7C68316-D5F2-463D-81A2-6FCC0E2C52D3}.Release|Any CPU.Build.0 = Release|Any CPU
		{9FEF71E3-B92C-4DE7-8C40-290F338EAD2D}.Debug|Any CPU.ActiveCfg = Debug|Any CPU
		{9FEF71E3-B92C-4DE7-8C40-290F338EAD2D}.Debug|Any CPU.Build.0 = Debug|Any CPU
		{9FEF71E3-B92C-4DE7-8C40-290F338EAD2D}.Release|Any CPU.ActiveCfg = Release|Any CPU
		{9FEF71E3-B92C-4DE7-8C40-290F338EAD2D}.Release|Any CPU.Build.0 = Release|Any CPU
	EndGlobalSection
	GlobalSection(SolutionProperties) = preSolution
		HideSolutionNode = FALSE
	EndGlobalSection
	GlobalSection(ExtensibilityGlobals) = postSolution
		SolutionGuid = {C95C4AFA-E3CA-425A-B0CB-661E45EC33C6}
	EndGlobalSection
EndGlobal
